// !$*UTF8*$!
{
	archiveVersion = 1;
	classes = {
	};
	objectVersion = 56;
	objects = {

/* Begin PBXBuildFile section */
		57914D362959A9F000E03980 /* TrafficLightApp.swift in Sources */ = {isa = PBXBuildFile; fileRef = 57914D352959A9F000E03980 /* TrafficLightApp.swift */; };
		57914D382959A9F000E03980 /* ContentView.swift in Sources */ = {isa = PBXBuildFile; fileRef = 57914D372959A9F000E03980 /* ContentView.swift */; };
		57914D3A2959A9F200E03980 /* Assets.xcassets in Resources */ = {isa = PBXBuildFile; fileRef = 57914D392959A9F200E03980 /* Assets.xcassets */; };
		57914D3D2959A9F200E03980 /* Preview Assets.xcassets in Resources */ = {isa = PBXBuildFile; fileRef = 57914D3C2959A9F200E03980 /* Preview Assets.xcassets */; };
		57914D442959B93B00E03980 /* FilledCircle.swift in Sources */ = {isa = PBXBuildFile; fileRef = 57914D432959B93B00E03980 /* FilledCircle.swift */; };
		57914D462959BDA200E03980 /* FilledButton.swift in Sources */ = {isa = PBXBuildFile; fileRef = 57914D452959BDA200E03980 /* FilledButton.swift */; };
		57914D482959C8AD00E03980 /* TrafficLightModel.swift in Sources */ = {isa = PBXBuildFile; fileRef = 57914D472959C8AC00E03980 /* TrafficLightModel.swift */; };
/* End PBXBuildFile section */

/* Begin PBXFileReference section */
		57914D322959A9F000E03980 /* TrafficLight.app */ = {isa = PBXFileReference; explicitFileType = wrapper.application; includeInIndex = 0; path = TrafficLight.app; sourceTree = BUILT_PRODUCTS_DIR; };
		57914D352959A9F000E03980 /* TrafficLightApp.swift */ = {isa = PBXFileReference; lastKnownFileType = sourcecode.swift; path = TrafficLightApp.swift; sourceTree = "<group>"; };
		57914D372959A9F000E03980 /* ContentView.swift */ = {isa = PBXFileReference; lastKnownFileType = sourcecode.swift; path = ContentView.swift; sourceTree = "<group>"; };
		57914D392959A9F200E03980 /* Assets.xcassets */ = {isa = PBXFileReference; lastKnownFileType = folder.assetcatalog; path = Assets.xcassets; sourceTree = "<group>"; };
		57914D3C2959A9F200E03980 /* Preview Assets.xcassets */ = {isa = PBXFileReference; lastKnownFileType = folder.assetcatalog; path = "Preview Assets.xcassets"; sourceTree = "<group>"; };
		57914D432959B93B00E03980 /* FilledCircle.swift */ = {isa = PBXFileReference; lastKnownFileType = sourcecode.swift; path = FilledCircle.swift; sourceTree = "<group>"; };
		57914D452959BDA200E03980 /* FilledButton.swift */ = {isa = PBXFileReference; lastKnownFileType = sourcecode.swift; path = FilledButton.swift; sourceTree = "<group>"; };
		57914D472959C8AC00E03980 /* TrafficLightModel.swift */ = {isa = PBXFileReference; lastKnownFileType = sourcecode.swift; path = TrafficLightModel.swift; sourceTree = "<group>"; };
/* End PBXFileReference section */

/* Begin PBXFrameworksBuildPhase section */
		57914D2F2959A9F000E03980 /* Frameworks */ = {
			isa = PBXFrameworksBuildPhase;
			buildActionMask = 2147483647;
			files = (
			);
			runOnlyForDeploymentPostprocessing = 0;
		};
/* End PBXFrameworksBuildPhase section */

/* Begin PBXGroup section */
		57914D292959A9F000E03980 = {
			isa = PBXGroup;
			children = (
				57914D342959A9F000E03980 /* TrafficLight */,
				57914D332959A9F000E03980 /* Products */,
			);
			sourceTree = "<group>";
		};
		57914D332959A9F000E03980 /* Products */ = {
			isa = PBXGroup;
			children = (
				57914D322959A9F000E03980 /* TrafficLight.app */,
			);
			name = Products;
			sourceTree = "<group>";
		};
		57914D342959A9F000E03980 /* TrafficLight */ = {
			isa = PBXGroup;
			children = (
				57914D352959A9F000E03980 /* TrafficLightApp.swift */,
				57914D472959C8AC00E03980 /* TrafficLightModel.swift */,
				57914D372959A9F000E03980 /* ContentView.swift */,
				57914D432959B93B00E03980 /* FilledCircle.swift */,
				57914D452959BDA200E03980 /* FilledButton.swift */,
				57914D392959A9F200E03980 /* Assets.xcassets */,
				57914D3B2959A9F200E03980 /* Preview Content */,
			);
			path = TrafficLight;
			sourceTree = "<group>";
		};
		57914D3B2959A9F200E03980 /* Preview Content */ = {
			isa = PBXGroup;
			children = (
				57914D3C2959A9F200E03980 /* Preview Assets.xcassets */,
			);
			path = "Preview Content";
			sourceTree = "<group>";
		};
/* End PBXGroup section */

/* Begin PBXNativeTarget section */
		57914D312959A9F000E03980 /* TrafficLight */ = {
			isa = PBXNativeTarget;
			buildConfigurationList = 57914D402959A9F200E03980 /* Build configuration list for PBXNativeTarget "TrafficLight" */;
			buildPhases = (
				57914D2E2959A9F000E03980 /* Sources */,
				57914D2F2959A9F000E03980 /* Frameworks */,
				57914D302959A9F000E03980 /* Resources */,
			);
			buildRules = (
			);
			dependencies = (
			);
			name = TrafficLight;
			productName = TrafficLight;
			productReference = 57914D322959A9F000E03980 /* TrafficLight.app */;
			productType = "com.apple.product-type.application";
		};
/* End PBXNativeTarget section */

/* Begin PBXProject section */
		57914D2A2959A9F000E03980 /* Project object */ = {
			isa = PBXProject;
			attributes = {
				BuildIndependentTargetsInParallel = 1;
				LastSwiftUpdateCheck = 1420;
				LastUpgradeCheck = 1420;
				TargetAttributes = {
					57914D312959A9F000E03980 = {
						CreatedOnToolsVersion = 14.2;
					};
				};
			};
			buildConfigurationList = 57914D2D2959A9F000E03980 /* Build configuration list for PBXProject "TrafficLight" */;
			compatibilityVersion = "Xcode 14.0";
			developmentRegion = en;
			hasScannedForEncodings = 0;
			knownRegions = (
				en,
				Base,
			);
			mainGroup = 57914D292959A9F000E03980;
			productRefGroup = 57914D332959A9F000E03980 /* Products */;
			projectDirPath = "";
			projectRoot = "";
			targets = (
				57914D312959A9F000E03980 /* TrafficLight */,
			);
		};
/* End PBXProject section */

/* Begin PBXResourcesBuildPhase section */
		57914D302959A9F000E03980 /* Resources */ = {
			isa = PBXResourcesBuildPhase;
			buildActionMask = 2147483647;
			files = (
				57914D3D2959A9F200E03980 /* Preview Assets.xcassets in Resources */,
				57914D3A2959A9F200E03980 /* Assets.xcassets in Resources */,
			);
			runOnlyForDeploymentPostprocessing = 0;
		};
/* End PBXResourcesBuildPhase section */

/* Begin PBXSourcesBuildPhase section */
		57914D2E2959A9F000E03980 /* Sources */ = {
			isa = PBXSourcesBuildPhase;
			buildActionMask = 2147483647;
			files = (
				57914D382959A9F000E03980 /* ContentView.swift in Sources */,
				57914D482959C8AD00E03980 /* TrafficLightModel.swift in Sources */,
				57914D462959BDA200E03980 /* FilledButton.swift in Sources */,
				57914D362959A9F000E03980 /* TrafficLightApp.swift in Sources */,
				57914D442959B93B00E03980 /* FilledCircle.swift in Sources */,
			);
			runOnlyForDeploymentPostprocessing = 0;
		};
/* End PBXSourcesBuildPhase section */

/* Begin XCBuildConfiguration section */
		57914D3E2959A9F200E03980 /* Debug */ = {
			isa = XCBuildConfiguration;
			buildSettings = {
				ALWAYS_SEARCH_USER_PATHS = NO;
				CLANG_ANALYZER_NONNULL = YES;
				CLANG_ANALYZER_NUMBER_OBJECT_CONVERSION = YES_AGGRESSIVE;
				CLANG_CXX_LANGUAGE_STANDARD = "gnu++20";
				CLANG_ENABLE_MODULES = YES;
				CLANG_ENABLE_OBJC_ARC = YES;
				CLANG_ENABLE_OBJC_WEAK = YES;
				CLANG_WARN_BLOCK_CAPTURE_AUTORELEASING = YES;
				CLANG_WARN_BOOL_CONVERSION = YES;
				CLANG_WARN_COMMA = YES;
				CLANG_WARN_CONSTANT_CONVERSION = YES;
				CLANG_WARN_DEPRECATED_OBJC_IMPLEMENTATIONS = YES;
				CLANG_WARN_DIRECT_OBJC_ISA_USAGE = YES_ERROR;
				CLANG_WARN_DOCUMENTATION_COMMENTS = YES;
				CLANG_WARN_EMPTY_BODY = YES;
				CLANG_WARN_ENUM_CONVERSION = YES;
				CLANG_WARN_INFINITE_RECURSION = YES;
				CLANG_WARN_INT_CONVERSION = YES;
				CLANG_WARN_NON_LITERAL_NULL_CONVERSION = YES;
				CLANG_WARN_OBJC_IMPLICIT_RETAIN_SELF = YES;
				CLANG_WARN_OBJC_LITERAL_CONVERSION = YES;
				CLANG_WARN_OBJC_ROOT_CLASS = YES_ERROR;
				CLANG_WARN_QUOTED_INCLUDE_IN_FRAMEWORK_HEADER = YES;
				CLANG_WARN_RANGE_LOOP_ANALYSIS = YES;
				CLANG_WARN_STRICT_PROTOTYPES = YES;
				CLANG_WARN_SUSPICIOUS_MOVE = YES;
				CLANG_WARN_UNGUARDED_AVAILABILITY = YES_AGGRESSIVE;
				CLANG_WARN_UNREACHABLE_CODE = YES;
				CLANG_WARN__DUPLICATE_METHOD_MATCH = YES;
				COPY_PHASE_STRIP = NO;
				DEBUG_INFORMATION_FORMAT = dwarf;
				ENABLE_STRICT_OBJC_MSGSEND = YES;
				ENABLE_TESTABILITY = YES;
				GCC_C_LANGUAGE_STANDARD = gnu11;
				GCC_DYNAMIC_NO_PIC = NO;
				GCC_NO_COMMON_BLOCKS = YES;
				GCC_OPTIMIZATION_LEVEL = 0;
				GCC_PREPROCESSOR_DEFINITIONS = (
					"DEBUG=1",
					"$(inherited)",
				);
				GCC_WARN_64_TO_32_BIT_CONVERSION = YES;
				GCC_WARN_ABOUT_RETURN_TYPE = YES_ERROR;
				GCC_WARN_UNDECLARED_SELECTOR = YES;
				GCC_WARN_UNINITIALIZED_AUTOS = YES_AGGRESSIVE;
				GCC_WARN_UNUSED_FUNCTION = YES;
				GCC_WARN_UNUSED_VARIABLE = YES;
				IPHONEOS_DEPLOYMENT_TARGET = 16.2;
				MTL_ENABLE_DEBUG_INFO = INCLUDE_SOURCE;
				MTL_FAST_MATH = YES;
				ONLY_ACTIVE_ARCH = YES;
				SDKROOT = iphoneos;
				SWIFT_ACTIVE_COMPILATION_CONDITIONS = DEBUG;
				SWIFT_OPTIMIZATION_LEVEL = "-Onone";
			};
			name = Debug;
		};
		57914D3F2959A9F200E03980 /* Release */ = {
			isa = XCBuildConfiguration;
			buildSettings = {
				ALWAYS_SEARCH_USER_PATHS = NO;
				CLANG_ANALYZER_NONNULL = YES;
				CLANG_ANALYZER_NUMBER_OBJECT_CONVERSION = YES_AGGRESSIVE;
				CLANG_CXX_LANGUAGE_STANDARD = "gnu++20";
				CLANG_ENABLE_MODULES = YES;
				CLANG_ENABLE_OBJC_ARC = YES;
				CLANG_ENABLE_OBJC_WEAK = YES;
				CLANG_WARN_BLOCK_CAPTURE_AUTORELEASING = YES;
				CLANG_WARN_BOOL_CONVERSION = YES;
				CLANG_WARN_COMMA = YES;
				CLANG_WARN_CONSTANT_CONVERSION = YES;
				CLANG_WARN_DEPRECATED_OBJC_IMPLEMENTATIONS = YES;
				CLANG_WARN_DIRECT_OBJC_ISA_USAGE = YES_ERROR;
				CLANG_WARN_DOCUMENTATION_COMMENTS = YES;
				CLANG_WARN_EMPTY_BODY = YES;
				CLANG_WARN_ENUM_CONVERSION = YES;
				CLANG_WARN_INFINITE_RECURSION = YES;
				CLANG_WARN_INT_CONVERSION = YES;
				CLANG_WARN_NON_LITERAL_NULL_CONVERSION = YES;
				CLANG_WARN_OBJC_IMPLICIT_RETAIN_SELF = YES;
				CLANG_WARN_OBJC_LITERAL_CONVERSION = YES;
				CLANG_WARN_OBJC_ROOT_CLASS = YES_ERROR;
				CLANG_WARN_QUOTED_INCLUDE_IN_FRAMEWORK_HEADER = YES;
				CLANG_WARN_RANGE_LOOP_ANALYSIS = YES;
				CLANG_WARN_STRICT_PROTOTYPES = YES;
				CLANG_WARN_SUSPICIOUS_MOVE = YES;
				CLANG_WARN_UNGUARDED_AVAILABILITY = YES_AGGRESSIVE;
				CLANG_WARN_UNREACHABLE_CODE = YES;
				CLANG_WARN__DUPLICATE_METHOD_MATCH = YES;
				COPY_PHASE_STRIP = NO;
				DEBUG_INFORMATION_FORMAT = "dwarf-with-dsym";
				ENABLE_NS_ASSERTIONS = NO;
				ENABLE_STRICT_OBJC_MSGSEND = YES;
				GCC_C_LANGUAGE_STANDARD = gnu11;
				GCC_NO_COMMON_BLOCKS = YES;
				GCC_WARN_64_TO_32_BIT_CONVERSION = YES;
				GCC_WARN_ABOUT_RETURN_TYPE = YES_ERROR;
				GCC_WARN_UNDECLARED_SELECTOR = YES;
				GCC_WARN_UNINITIALIZED_AUTOS = YES_AGGRESSIVE;
				GCC_WARN_UNUSED_FUNCTION = YES;
				GCC_WARN_UNUSED_VARIABLE = YES;
				IPHONEOS_DEPLOYMENT_TARGET = 16.2;
				MTL_ENABLE_DEBUG_INFO = NO;
				MTL_FAST_MATH = YES;
				SDKROOT = iphoneos;
				SWIFT_COMPILATION_MODE = wholemodule;
				SWIFT_OPTIMIZATION_LEVEL = "-O";
				VALIDATE_PRODUCT = YES;
			};
			name = Release;
		};
		57914D412959A9F200E03980 /* Debug */ = {
			isa = XCBuildConfiguration;
			buildSettings = {
				ASSETCATALOG_COMPILER_APPICON_NAME = AppIcon;
				ASSETCATALOG_COMPILER_GLOBAL_ACCENT_COLOR_NAME = AccentColor;
				CODE_SIGN_STYLE = Automatic;
				CURRENT_PROJECT_VERSION = 1;
				DEVELOPMENT_ASSET_PATHS = "\"TrafficLight/Preview Content\"";
				DEVELOPMENT_TEAM = P3BYVBK57Z;
				ENABLE_PREVIEWS = YES;
				GENERATE_INFOPLIST_FILE = YES;
				INFOPLIST_KEY_UIApplicationSceneManifest_Generation = YES;
				INFOPLIST_KEY_UIApplicationSupportsIndirectInputEvents = YES;
				INFOPLIST_KEY_UILaunchScreen_Generation = YES;
				INFOPLIST_KEY_UISupportedInterfaceOrientations_iPad = "UIInterfaceOrientationPortrait UIInterfaceOrientationPortraitUpsideDown UIInterfaceOrientationLandscapeLeft UIInterfaceOrientationLandscapeRight";
				INFOPLIST_KEY_UISupportedInterfaceOrientations_iPhone = "UIInterfaceOrientationPortrait UIInterfaceOrientationLandscapeLeft UIInterfaceOrientationLandscapeRight";
				LD_RUNPATH_SEARCH_PATHS = (
					"$(inherited)",
					"@executable_path/Frameworks",
				);
				MARKETING_VERSION = 1.0;
				PRODUCT_BUNDLE_IDENTIFIER = ios.biiak.TrafficLight;
				PRODUCT_NAME = "$(TARGET_NAME)";
				SWIFT_EMIT_LOC_STRINGS = YES;
				SWIFT_VERSION = 5.0;
				TARGETED_DEVICE_FAMILY = "1,2";
			};
			name = Debug;
		};
		57914D422959A9F200E03980 /* Release */ = {
			isa = XCBuildConfiguration;
			buildSettings = {
				ASSETCATALOG_COMPILER_APPICON_NAME = AppIcon;
				ASSETCATALOG_COMPILER_GLOBAL_ACCENT_COLOR_NAME = AccentColor;
				CODE_SIGN_STYLE = Automatic;
				CURRENT_PROJECT_VERSION = 1;
				DEVELOPMENT_ASSET_PATHS = "\"TrafficLight/Preview Content\"";
				DEVELOPMENT_TEAM = P3BYVBK57Z;
				ENABLE_PREVIEWS = YES;
				GENERATE_INFOPLIST_FILE = YES;
				INFOPLIST_KEY_UIApplicationSceneManifest_Generation = YES;
				INFOPLIST_KEY_UIApplicationSupportsIndirectInputEvents = YES;
				INFOPLIST_KEY_UILaunchScreen_Generation = YES;
				INFOPLIST_KEY_UISupportedInterfaceOrientations_iPad = "UIInterfaceOrientationPortrait UIInterfaceOrientationPortraitUpsideDown UIInterfaceOrientationLandscapeLeft UIInterfaceOrientationLandscapeRight";
				INFOPLIST_KEY_UISupportedInterfaceOrientations_iPhone = "UIInterfaceOrientationPortrait UIInterfaceOrientationLandscapeLeft UIInterfaceOrientationLandscapeRight";
				LD_RUNPATH_SEARCH_PATHS = (
					"$(inherited)",
					"@executable_path/Frameworks",
				);
				MARKETING_VERSION = 1.0;
				PRODUCT_BUNDLE_IDENTIFIER = ios.biiak.TrafficLight;
				PRODUCT_NAME = "$(TARGET_NAME)";
				SWIFT_EMIT_LOC_STRINGS = YES;
				SWIFT_VERSION = 5.0;
				TARGETED_DEVICE_FAMILY = "1,2";
			};
			name = Release;
		};
/* End XCBuildConfiguration section */

/* Begin XCConfigurationList section */
		57914D2D2959A9F000E03980 /* Build configuration list for PBXProject "TrafficLight" */ = {
			isa = XCConfigurationList;
			buildConfigurations = (
				57914D3E2959A9F200E03980 /* Debug */,
				57914D3F2959A9F200E03980 /* Release */,
			);
			defaultConfigurationIsVisible = 0;
			defaultConfigurationName = Release;
		};
		57914D402959A9F200E03980 /* Build configuration list for PBXNativeTarget "TrafficLight" */ = {
			isa = XCConfigurationList;
			buildConfigurations = (
				57914D412959A9F200E03980 /* Debug */,
				57914D422959A9F200E03980 /* Release */,
			);
			defaultConfigurationIsVisible = 0;
			defaultConfigurationName = Release;
		};
/* End XCConfigurationList section */
	};
	rootObject = 57914D2A2959A9F000E03980 /* Project object */;
}
