// !$*UTF8*$!
{
	archiveVersion = 1;
	classes = {
	};
	objectVersion = 56;
	objects = {

/* Begin PBXBuildFile section */
		575D3492295E2FAF003EE626 /* SliderUIKit.swift in Sources */ = {isa = PBXBuildFile; fileRef = 575D3491295E2FAF003EE626 /* SliderUIKit.swift */; };
		575D3494295E3F5A003EE626 /* Game.swift in Sources */ = {isa = PBXBuildFile; fileRef = 575D3493295E3F5A003EE626 /* Game.swift */; };
		576043D8295E265500FEA510 /* Hosting_UIView_In_SwiftUIApp.swift in Sources */ = {isa = PBXBuildFile; fileRef = 576043D7295E265500FEA510 /* Hosting_UIView_In_SwiftUIApp.swift */; };
		576043DA295E265500FEA510 /* ContentView.swift in Sources */ = {isa = PBXBuildFile; fileRef = 576043D9295E265500FEA510 /* ContentView.swift */; };
		576043DC295E265600FEA510 /* Assets.xcassets in Resources */ = {isa = PBXBuildFile; fileRef = 576043DB295E265600FEA510 /* Assets.xcassets */; };
		576043DF295E265600FEA510 /* Preview Assets.xcassets in Resources */ = {isa = PBXBuildFile; fileRef = 576043DE295E265600FEA510 /* Preview Assets.xcassets */; };
/* End PBXBuildFile section */

/* Begin PBXFileReference section */
		575D3491295E2FAF003EE626 /* SliderUIKit.swift */ = {isa = PBXFileReference; lastKnownFileType = sourcecode.swift; path = SliderUIKit.swift; sourceTree = "<group>"; };
		575D3493295E3F5A003EE626 /* Game.swift */ = {isa = PBXFileReference; lastKnownFileType = sourcecode.swift; path = Game.swift; sourceTree = "<group>"; };
		576043D4295E265500FEA510 /* Hosting UIView In SwiftUI.app */ = {isa = PBXFileReference; explicitFileType = wrapper.application; includeInIndex = 0; path = "Hosting UIView In SwiftUI.app"; sourceTree = BUILT_PRODUCTS_DIR; };
		576043D7295E265500FEA510 /* Hosting_UIView_In_SwiftUIApp.swift */ = {isa = PBXFileReference; lastKnownFileType = sourcecode.swift; path = Hosting_UIView_In_SwiftUIApp.swift; sourceTree = "<group>"; };
		576043D9295E265500FEA510 /* ContentView.swift */ = {isa = PBXFileReference; lastKnownFileType = sourcecode.swift; path = ContentView.swift; sourceTree = "<group>"; };
		576043DB295E265600FEA510 /* Assets.xcassets */ = {isa = PBXFileReference; lastKnownFileType = folder.assetcatalog; path = Assets.xcassets; sourceTree = "<group>"; };
		576043DE295E265600FEA510 /* Preview Assets.xcassets */ = {isa = PBXFileReference; lastKnownFileType = folder.assetcatalog; path = "Preview Assets.xcassets"; sourceTree = "<group>"; };
/* End PBXFileReference section */

/* Begin PBXFrameworksBuildPhase section */
		576043D1295E265500FEA510 /* Frameworks */ = {
			isa = PBXFrameworksBuildPhase;
			buildActionMask = 2147483647;
			files = (
			);
			runOnlyForDeploymentPostprocessing = 0;
		};
/* End PBXFrameworksBuildPhase section */

/* Begin PBXGroup section */
		575D3495295E3F60003EE626 /* Models */ = {
			isa = PBXGroup;
			children = (
				575D3493295E3F5A003EE626 /* Game.swift */,
			);
			path = Models;
			sourceTree = "<group>";
		};
		575D3496295E3F66003EE626 /* Views */ = {
			isa = PBXGroup;
			children = (
				576043D9295E265500FEA510 /* ContentView.swift */,
				575D3491295E2FAF003EE626 /* SliderUIKit.swift */,
			);
			path = Views;
			sourceTree = "<group>";
		};
		576043CB295E265500FEA510 = {
			isa = PBXGroup;
			children = (
				576043D6295E265500FEA510 /* Hosting UIView In SwiftUI */,
				576043D5295E265500FEA510 /* Products */,
			);
			sourceTree = "<group>";
		};
		576043D5295E265500FEA510 /* Products */ = {
			isa = PBXGroup;
			children = (
				576043D4295E265500FEA510 /* Hosting UIView In SwiftUI.app */,
			);
			name = Products;
			sourceTree = "<group>";
		};
		576043D6295E265500FEA510 /* Hosting UIView In SwiftUI */ = {
			isa = PBXGroup;
			children = (
				576043D7295E265500FEA510 /* Hosting_UIView_In_SwiftUIApp.swift */,
				575D3495295E3F60003EE626 /* Models */,
				575D3496295E3F66003EE626 /* Views */,
				576043DB295E265600FEA510 /* Assets.xcassets */,
				576043DD295E265600FEA510 /* Preview Content */,
			);
			path = "Hosting UIView In SwiftUI";
			sourceTree = "<group>";
		};
		576043DD295E265600FEA510 /* Preview Content */ = {
			isa = PBXGroup;
			children = (
				576043DE295E265600FEA510 /* Preview Assets.xcassets */,
			);
			path = "Preview Content";
			sourceTree = "<group>";
		};
/* End PBXGroup section */

/* Begin PBXNativeTarget section */
		576043D3295E265500FEA510 /* Hosting UIView In SwiftUI */ = {
			isa = PBXNativeTarget;
			buildConfigurationList = 576043E2295E265600FEA510 /* Build configuration list for PBXNativeTarget "Hosting UIView In SwiftUI" */;
			buildPhases = (
				576043D0295E265500FEA510 /* Sources */,
				576043D1295E265500FEA510 /* Frameworks */,
				576043D2295E265500FEA510 /* Resources */,
			);
			buildRules = (
			);
			dependencies = (
			);
			name = "Hosting UIView In SwiftUI";
			productName = "Hosting UIView In SwiftUI";
			productReference = 576043D4295E265500FEA510 /* Hosting UIView In SwiftUI.app */;
			productType = "com.apple.product-type.application";
		};
/* End PBXNativeTarget section */

/* Begin PBXProject section */
		576043CC295E265500FEA510 /* Project object */ = {
			isa = PBXProject;
			attributes = {
				BuildIndependentTargetsInParallel = 1;
				LastSwiftUpdateCheck = 1420;
				LastUpgradeCheck = 1420;
				TargetAttributes = {
					576043D3295E265500FEA510 = {
						CreatedOnToolsVersion = 14.2;
					};
				};
			};
			buildConfigurationList = 576043CF295E265500FEA510 /* Build configuration list for PBXProject "Hosting UIView In SwiftUI" */;
			compatibilityVersion = "Xcode 14.0";
			developmentRegion = en;
			hasScannedForEncodings = 0;
			knownRegions = (
				en,
				Base,
			);
			mainGroup = 576043CB295E265500FEA510;
			productRefGroup = 576043D5295E265500FEA510 /* Products */;
			projectDirPath = "";
			projectRoot = "";
			targets = (
				576043D3295E265500FEA510 /* Hosting UIView In SwiftUI */,
			);
		};
/* End PBXProject section */

/* Begin PBXResourcesBuildPhase section */
		576043D2295E265500FEA510 /* Resources */ = {
			isa = PBXResourcesBuildPhase;
			buildActionMask = 2147483647;
			files = (
				576043DF295E265600FEA510 /* Preview Assets.xcassets in Resources */,
				576043DC295E265600FEA510 /* Assets.xcassets in Resources */,
			);
			runOnlyForDeploymentPostprocessing = 0;
		};
/* End PBXResourcesBuildPhase section */

/* Begin PBXSourcesBuildPhase section */
		576043D0295E265500FEA510 /* Sources */ = {
			isa = PBXSourcesBuildPhase;
			buildActionMask = 2147483647;
			files = (
				576043DA295E265500FEA510 /* ContentView.swift in Sources */,
				575D3492295E2FAF003EE626 /* SliderUIKit.swift in Sources */,
				576043D8295E265500FEA510 /* Hosting_UIView_In_SwiftUIApp.swift in Sources */,
				575D3494295E3F5A003EE626 /* Game.swift in Sources */,
			);
			runOnlyForDeploymentPostprocessing = 0;
		};
/* End PBXSourcesBuildPhase section */

/* Begin XCBuildConfiguration section */
		576043E0295E265600FEA510 /* Debug */ = {
			isa = XCBuildConfiguration;
			buildSettings = {
				ALWAYS_SEARCH_USER_PATHS = NO;
				CLANG_ANALYZER_NONNULL = YES;
				CLANG_ANALYZER_NUMBER_OBJECT_CONVERSION = YES_AGGRESSIVE;
				CLANG_CXX_LANGUAGE_STANDARD = "gnu++20";
				CLANG_ENABLE_MODULES = YES;
				CLANG_ENABLE_OBJC_ARC = YES;
				CLANG_ENABLE_OBJC_WEAK = YES;
				CLANG_WARN_BLOCK_CAPTURE_AUTORELEASING = YES;
				CLANG_WARN_BOOL_CONVERSION = YES;
				CLANG_WARN_COMMA = YES;
				CLANG_WARN_CONSTANT_CONVERSION = YES;
				CLANG_WARN_DEPRECATED_OBJC_IMPLEMENTATIONS = YES;
				CLANG_WARN_DIRECT_OBJC_ISA_USAGE = YES_ERROR;
				CLANG_WARN_DOCUMENTATION_COMMENTS = YES;
				CLANG_WARN_EMPTY_BODY = YES;
				CLANG_WARN_ENUM_CONVERSION = YES;
				CLANG_WARN_INFINITE_RECURSION = YES;
				CLANG_WARN_INT_CONVERSION = YES;
				CLANG_WARN_NON_LITERAL_NULL_CONVERSION = YES;
				CLANG_WARN_OBJC_IMPLICIT_RETAIN_SELF = YES;
				CLANG_WARN_OBJC_LITERAL_CONVERSION = YES;
				CLANG_WARN_OBJC_ROOT_CLASS = YES_ERROR;
				CLANG_WARN_QUOTED_INCLUDE_IN_FRAMEWORK_HEADER = YES;
				CLANG_WARN_RANGE_LOOP_ANALYSIS = YES;
				CLANG_WARN_STRICT_PROTOTYPES = YES;
				CLANG_WARN_SUSPICIOUS_MOVE = YES;
				CLANG_WARN_UNGUARDED_AVAILABILITY = YES_AGGRESSIVE;
				CLANG_WARN_UNREACHABLE_CODE = YES;
				CLANG_WARN__DUPLICATE_METHOD_MATCH = YES;
				COPY_PHASE_STRIP = NO;
				DEBUG_INFORMATION_FORMAT = dwarf;
				ENABLE_STRICT_OBJC_MSGSEND = YES;
				ENABLE_TESTABILITY = YES;
				GCC_C_LANGUAGE_STANDARD = gnu11;
				GCC_DYNAMIC_NO_PIC = NO;
				GCC_NO_COMMON_BLOCKS = YES;
				GCC_OPTIMIZATION_LEVEL = 0;
				GCC_PREPROCESSOR_DEFINITIONS = (
					"DEBUG=1",
					"$(inherited)",
				);
				GCC_WARN_64_TO_32_BIT_CONVERSION = YES;
				GCC_WARN_ABOUT_RETURN_TYPE = YES_ERROR;
				GCC_WARN_UNDECLARED_SELECTOR = YES;
				GCC_WARN_UNINITIALIZED_AUTOS = YES_AGGRESSIVE;
				GCC_WARN_UNUSED_FUNCTION = YES;
				GCC_WARN_UNUSED_VARIABLE = YES;
				IPHONEOS_DEPLOYMENT_TARGET = 16.2;
				MTL_ENABLE_DEBUG_INFO = INCLUDE_SOURCE;
				MTL_FAST_MATH = YES;
				ONLY_ACTIVE_ARCH = YES;
				SDKROOT = iphoneos;
				SWIFT_ACTIVE_COMPILATION_CONDITIONS = DEBUG;
				SWIFT_OPTIMIZATION_LEVEL = "-Onone";
			};
			name = Debug;
		};
		576043E1295E265600FEA510 /* Release */ = {
			isa = XCBuildConfiguration;
			buildSettings = {
				ALWAYS_SEARCH_USER_PATHS = NO;
				CLANG_ANALYZER_NONNULL = YES;
				CLANG_ANALYZER_NUMBER_OBJECT_CONVERSION = YES_AGGRESSIVE;
				CLANG_CXX_LANGUAGE_STANDARD = "gnu++20";
				CLANG_ENABLE_MODULES = YES;
				CLANG_ENABLE_OBJC_ARC = YES;
				CLANG_ENABLE_OBJC_WEAK = YES;
				CLANG_WARN_BLOCK_CAPTURE_AUTORELEASING = YES;
				CLANG_WARN_BOOL_CONVERSION = YES;
				CLANG_WARN_COMMA = YES;
				CLANG_WARN_CONSTANT_CONVERSION = YES;
				CLANG_WARN_DEPRECATED_OBJC_IMPLEMENTATIONS = YES;
				CLANG_WARN_DIRECT_OBJC_ISA_USAGE = YES_ERROR;
				CLANG_WARN_DOCUMENTATION_COMMENTS = YES;
				CLANG_WARN_EMPTY_BODY = YES;
				CLANG_WARN_ENUM_CONVERSION = YES;
				CLANG_WARN_INFINITE_RECURSION = YES;
				CLANG_WARN_INT_CONVERSION = YES;
				CLANG_WARN_NON_LITERAL_NULL_CONVERSION = YES;
				CLANG_WARN_OBJC_IMPLICIT_RETAIN_SELF = YES;
				CLANG_WARN_OBJC_LITERAL_CONVERSION = YES;
				CLANG_WARN_OBJC_ROOT_CLASS = YES_ERROR;
				CLANG_WARN_QUOTED_INCLUDE_IN_FRAMEWORK_HEADER = YES;
				CLANG_WARN_RANGE_LOOP_ANALYSIS = YES;
				CLANG_WARN_STRICT_PROTOTYPES = YES;
				CLANG_WARN_SUSPICIOUS_MOVE = YES;
				CLANG_WARN_UNGUARDED_AVAILABILITY = YES_AGGRESSIVE;
				CLANG_WARN_UNREACHABLE_CODE = YES;
				CLANG_WARN__DUPLICATE_METHOD_MATCH = YES;
				COPY_PHASE_STRIP = NO;
				DEBUG_INFORMATION_FORMAT = "dwarf-with-dsym";
				ENABLE_NS_ASSERTIONS = NO;
				ENABLE_STRICT_OBJC_MSGSEND = YES;
				GCC_C_LANGUAGE_STANDARD = gnu11;
				GCC_NO_COMMON_BLOCKS = YES;
				GCC_WARN_64_TO_32_BIT_CONVERSION = YES;
				GCC_WARN_ABOUT_RETURN_TYPE = YES_ERROR;
				GCC_WARN_UNDECLARED_SELECTOR = YES;
				GCC_WARN_UNINITIALIZED_AUTOS = YES_AGGRESSIVE;
				GCC_WARN_UNUSED_FUNCTION = YES;
				GCC_WARN_UNUSED_VARIABLE = YES;
				IPHONEOS_DEPLOYMENT_TARGET = 16.2;
				MTL_ENABLE_DEBUG_INFO = NO;
				MTL_FAST_MATH = YES;
				SDKROOT = iphoneos;
				SWIFT_COMPILATION_MODE = wholemodule;
				SWIFT_OPTIMIZATION_LEVEL = "-O";
				VALIDATE_PRODUCT = YES;
			};
			name = Release;
		};
		576043E3295E265600FEA510 /* Debug */ = {
			isa = XCBuildConfiguration;
			buildSettings = {
				ASSETCATALOG_COMPILER_APPICON_NAME = AppIcon;
				ASSETCATALOG_COMPILER_GLOBAL_ACCENT_COLOR_NAME = AccentColor;
				CODE_SIGN_STYLE = Automatic;
				CURRENT_PROJECT_VERSION = 1;
				DEVELOPMENT_ASSET_PATHS = "\"Hosting UIView In SwiftUI/Preview Content\"";
				DEVELOPMENT_TEAM = P3BYVBK57Z;
				ENABLE_PREVIEWS = YES;
				GENERATE_INFOPLIST_FILE = YES;
				INFOPLIST_FILE = "Hosting UIView In SwiftUI/Info.plist";
				INFOPLIST_KEY_UIApplicationSupportsIndirectInputEvents = YES;
				INFOPLIST_KEY_UILaunchScreen_Generation = YES;
				INFOPLIST_KEY_UISupportedInterfaceOrientations = "UIInterfaceOrientationLandscapeLeft UIInterfaceOrientationLandscapeRight";
				LD_RUNPATH_SEARCH_PATHS = (
					"$(inherited)",
					"@executable_path/Frameworks",
				);
				MARKETING_VERSION = 1.0;
				PRODUCT_BUNDLE_IDENTIFIER = "ios.biiak.Hosting-UIView-In-SwiftUI";
				PRODUCT_NAME = "$(TARGET_NAME)";
				SUPPORTED_PLATFORMS = "iphoneos iphonesimulator";
				SUPPORTS_MACCATALYST = NO;
				SUPPORTS_MAC_DESIGNED_FOR_IPHONE_IPAD = NO;
				SWIFT_EMIT_LOC_STRINGS = YES;
				SWIFT_VERSION = 5.0;
				TARGETED_DEVICE_FAMILY = "1,2";
			};
			name = Debug;
		};
		576043E4295E265600FEA510 /* Release */ = {
			isa = XCBuildConfiguration;
			buildSettings = {
				ASSETCATALOG_COMPILER_APPICON_NAME = AppIcon;
				ASSETCATALOG_COMPILER_GLOBAL_ACCENT_COLOR_NAME = AccentColor;
				CODE_SIGN_STYLE = Automatic;
				CURRENT_PROJECT_VERSION = 1;
				DEVELOPMENT_ASSET_PATHS = "\"Hosting UIView In SwiftUI/Preview Content\"";
				DEVELOPMENT_TEAM = P3BYVBK57Z;
				ENABLE_PREVIEWS = YES;
				GENERATE_INFOPLIST_FILE = YES;
				INFOPLIST_FILE = "Hosting UIView In SwiftUI/Info.plist";
				INFOPLIST_KEY_UIApplicationSupportsIndirectInputEvents = YES;
				INFOPLIST_KEY_UILaunchScreen_Generation = YES;
				INFOPLIST_KEY_UISupportedInterfaceOrientations = "UIInterfaceOrientationLandscapeLeft UIInterfaceOrientationLandscapeRight";
				LD_RUNPATH_SEARCH_PATHS = (
					"$(inherited)",
					"@executable_path/Frameworks",
				);
				MARKETING_VERSION = 1.0;
				PRODUCT_BUNDLE_IDENTIFIER = "ios.biiak.Hosting-UIView-In-SwiftUI";
				PRODUCT_NAME = "$(TARGET_NAME)";
				SUPPORTED_PLATFORMS = "iphoneos iphonesimulator";
				SUPPORTS_MACCATALYST = NO;
				SUPPORTS_MAC_DESIGNED_FOR_IPHONE_IPAD = NO;
				SWIFT_EMIT_LOC_STRINGS = YES;
				SWIFT_VERSION = 5.0;
				TARGETED_DEVICE_FAMILY = "1,2";
			};
			name = Release;
		};
/* End XCBuildConfiguration section */

/* Begin XCConfigurationList section */
		576043CF295E265500FEA510 /* Build configuration list for PBXProject "Hosting UIView In SwiftUI" */ = {
			isa = XCConfigurationList;
			buildConfigurations = (
				576043E0295E265600FEA510 /* Debug */,
				576043E1295E265600FEA510 /* Release */,
			);
			defaultConfigurationIsVisible = 0;
			defaultConfigurationName = Release;
		};
		576043E2295E265600FEA510 /* Build configuration list for PBXNativeTarget "Hosting UIView In SwiftUI" */ = {
			isa = XCConfigurationList;
			buildConfigurations = (
				576043E3295E265600FEA510 /* Debug */,
				576043E4295E265600FEA510 /* Release */,
			);
			defaultConfigurationIsVisible = 0;
			defaultConfigurationName = Release;
		};
/* End XCConfigurationList section */
	};
	rootObject = 576043CC295E265500FEA510 /* Project object */;
}
